// !$*UTF8*$!
{
	archiveVersion = 1;
	classes = {
	};
	objectVersion = 46;
	objects = {

/* Begin PBXBuildFile section */
		F90C350E1DAEA3CD0014DA94 /* TFHomePageViewController.m in Sources */ = {isa = PBXBuildFile; fileRef = F90C34E71DAEA3CD0014DA94 /* TFHomePageViewController.m */; };
		F90C350F1DAEA3CD0014DA94 /* AppDelegate.m in Sources */ = {isa = PBXBuildFile; fileRef = F90C34EB1DAEA3CD0014DA94 /* AppDelegate.m */; };
		F90C35101DAEA3CD0014DA94 /* UIBarButtonItem+TFExtension.m in Sources */ = {isa = PBXBuildFile; fileRef = F90C34EE1DAEA3CD0014DA94 /* UIBarButtonItem+TFExtension.m */; };
		F90C35111DAEA3CD0014DA94 /* UIView+TFExtension.m in Sources */ = {isa = PBXBuildFile; fileRef = F90C34F01DAEA3CD0014DA94 /* UIView+TFExtension.m */; };
		F90C35121DAEA3CD0014DA94 /* TFNavigationController.m in Sources */ = {isa = PBXBuildFile; fileRef = F90C34F31DAEA3CD0014DA94 /* TFNavigationController.m */; };
		F90C35131DAEA3CD0014DA94 /* TFTabBarController.m in Sources */ = {isa = PBXBuildFile; fileRef = F90C34F51DAEA3CD0014DA94 /* TFTabBarController.m */; };
		F90C35141DAEA3CD0014DA94 /* main.m in Sources */ = {isa = PBXBuildFile; fileRef = F90C34F61DAEA3CD0014DA94 /* main.m */; };
		F90C35151DAEA3CD0014DA94 /* TFVerticalButton.m in Sources */ = {isa = PBXBuildFile; fileRef = F90C34FB1DAEA3CD0014DA94 /* TFVerticalButton.m */; };
		F90C35161DAEA3CD0014DA94 /* TFPersonalCenterViewController.m in Sources */ = {isa = PBXBuildFile; fileRef = F90C34FF1DAEA3CD0014DA94 /* TFPersonalCenterViewController.m */; };
		F90C35171DAEA3CD0014DA94 /* TFShoppingCartViewController.m in Sources */ = {isa = PBXBuildFile; fileRef = F90C35051DAEA3CD0014DA94 /* TFShoppingCartViewController.m */; };
		F90C35181DAEA3CD0014DA94 /* TFSurpriseViewController.m in Sources */ = {isa = PBXBuildFile; fileRef = F90C350B1DAEA3CD0014DA94 /* TFSurpriseViewController.m */; };
		F9621FE31DAE542300F7B5F9 /* Main.storyboard in Resources */ = {isa = PBXBuildFile; fileRef = F9621FE11DAE542300F7B5F9 /* Main.storyboard */; };
		F9621FE51DAE542300F7B5F9 /* Assets.xcassets in Resources */ = {isa = PBXBuildFile; fileRef = F9621FE41DAE542300F7B5F9 /* Assets.xcassets */; };
		F9621FE81DAE542300F7B5F9 /* LaunchScreen.storyboard in Resources */ = {isa = PBXBuildFile; fileRef = F9621FE61DAE542300F7B5F9 /* LaunchScreen.storyboard */; };
		F9621FF31DAE542300F7B5F9 /* DonkeyMallTests.m in Sources */ = {isa = PBXBuildFile; fileRef = F9621FF21DAE542300F7B5F9 /* DonkeyMallTests.m */; };
		F9621FFE1DAE542300F7B5F9 /* DonkeyMallUITests.m in Sources */ = {isa = PBXBuildFile; fileRef = F9621FFD1DAE542300F7B5F9 /* DonkeyMallUITests.m */; };
/* End PBXBuildFile section */

/* Begin PBXContainerItemProxy section */
		F9621FEF1DAE542300F7B5F9 /* PBXContainerItemProxy */ = {
			isa = PBXContainerItemProxy;
			containerPortal = F9621FCD1DAE542300F7B5F9 /* Project object */;
			proxyType = 1;
			remoteGlobalIDString = F9621FD41DAE542300F7B5F9;
			remoteInfo = DonkeyMall;
		};
		F9621FFA1DAE542300F7B5F9 /* PBXContainerItemProxy */ = {
			isa = PBXContainerItemProxy;
			containerPortal = F9621FCD1DAE542300F7B5F9 /* Project object */;
			proxyType = 1;
			remoteGlobalIDString = F9621FD41DAE542300F7B5F9;
			remoteInfo = DonkeyMall;
		};
/* End PBXContainerItemProxy section */

/* Begin PBXFileReference section */
		F90C34E61DAEA3CD0014DA94 /* TFHomePageViewController.h */ = {isa = PBXFileReference; fileEncoding = 4; lastKnownFileType = sourcecode.c.h; name = TFHomePageViewController.h; path = ../TFHomePageViewController.h; sourceTree = "<group>"; };
		F90C34E71DAEA3CD0014DA94 /* TFHomePageViewController.m */ = {isa = PBXFileReference; fileEncoding = 4; lastKnownFileType = sourcecode.c.objc; name = TFHomePageViewController.m; path = ../TFHomePageViewController.m; sourceTree = "<group>"; };
		F90C34EA1DAEA3CD0014DA94 /* AppDelegate.h */ = {isa = PBXFileReference; fileEncoding = 4; lastKnownFileType = sourcecode.c.h; path = AppDelegate.h; sourceTree = "<group>"; };
		F90C34EB1DAEA3CD0014DA94 /* AppDelegate.m */ = {isa = PBXFileReference; fileEncoding = 4; lastKnownFileType = sourcecode.c.objc; path = AppDelegate.m; sourceTree = "<group>"; };
		F90C34ED1DAEA3CD0014DA94 /* UIBarButtonItem+TFExtension.h */ = {isa = PBXFileReference; fileEncoding = 4; lastKnownFileType = sourcecode.c.h; path = "UIBarButtonItem+TFExtension.h"; sourceTree = "<group>"; };
		F90C34EE1DAEA3CD0014DA94 /* UIBarButtonItem+TFExtension.m */ = {isa = PBXFileReference; fileEncoding = 4; lastKnownFileType = sourcecode.c.objc; path = "UIBarButtonItem+TFExtension.m"; sourceTree = "<group>"; };
		F90C34EF1DAEA3CD0014DA94 /* UIView+TFExtension.h */ = {isa = PBXFileReference; fileEncoding = 4; lastKnownFileType = sourcecode.c.h; path = "UIView+TFExtension.h"; sourceTree = "<group>"; };
		F90C34F01DAEA3CD0014DA94 /* UIView+TFExtension.m */ = {isa = PBXFileReference; fileEncoding = 4; lastKnownFileType = sourcecode.c.objc; path = "UIView+TFExtension.m"; sourceTree = "<group>"; };
		F90C34F21DAEA3CD0014DA94 /* TFNavigationController.h */ = {isa = PBXFileReference; fileEncoding = 4; lastKnownFileType = sourcecode.c.h; path = TFNavigationController.h; sourceTree = "<group>"; };
		F90C34F31DAEA3CD0014DA94 /* TFNavigationController.m */ = {isa = PBXFileReference; fileEncoding = 4; lastKnownFileType = sourcecode.c.objc; path = TFNavigationController.m; sourceTree = "<group>"; };
		F90C34F41DAEA3CD0014DA94 /* TFTabBarController.h */ = {isa = PBXFileReference; fileEncoding = 4; lastKnownFileType = sourcecode.c.h; path = TFTabBarController.h; sourceTree = "<group>"; };
		F90C34F51DAEA3CD0014DA94 /* TFTabBarController.m */ = {isa = PBXFileReference; fileEncoding = 4; lastKnownFileType = sourcecode.c.objc; path = TFTabBarController.m; sourceTree = "<group>"; };
		F90C34F61DAEA3CD0014DA94 /* main.m */ = {isa = PBXFileReference; fileEncoding = 4; lastKnownFileType = sourcecode.c.objc; path = main.m; sourceTree = "<group>"; };
		F90C34F81DAEA3CD0014DA94 /* PrefixHeader.pch */ = {isa = PBXFileReference; fileEncoding = 4; lastKnownFileType = sourcecode.c.h; path = PrefixHeader.pch; sourceTree = "<group>"; };
		F90C34FA1DAEA3CD0014DA94 /* TFVerticalButton.h */ = {isa = PBXFileReference; fileEncoding = 4; lastKnownFileType = sourcecode.c.h; path = TFVerticalButton.h; sourceTree = "<group>"; };
		F90C34FB1DAEA3CD0014DA94 /* TFVerticalButton.m */ = {isa = PBXFileReference; fileEncoding = 4; lastKnownFileType = sourcecode.c.objc; path = TFVerticalButton.m; sourceTree = "<group>"; };
		F90C34FE1DAEA3CD0014DA94 /* TFPersonalCenterViewController.h */ = {isa = PBXFileReference; fileEncoding = 4; lastKnownFileType = sourcecode.c.h; path = TFPersonalCenterViewController.h; sourceTree = "<group>"; };
		F90C34FF1DAEA3CD0014DA94 /* TFPersonalCenterViewController.m */ = {isa = PBXFileReference; fileEncoding = 4; lastKnownFileType = sourcecode.c.objc; path = TFPersonalCenterViewController.m; sourceTree = "<group>"; };
		F90C35041DAEA3CD0014DA94 /* TFShoppingCartViewController.h */ = {isa = PBXFileReference; fileEncoding = 4; lastKnownFileType = sourcecode.c.h; path = TFShoppingCartViewController.h; sourceTree = "<group>"; };
		F90C35051DAEA3CD0014DA94 /* TFShoppingCartViewController.m */ = {isa = PBXFileReference; fileEncoding = 4; lastKnownFileType = sourcecode.c.objc; path = TFShoppingCartViewController.m; sourceTree = "<group>"; };
		F90C350A1DAEA3CD0014DA94 /* TFSurpriseViewController.h */ = {isa = PBXFileReference; fileEncoding = 4; lastKnownFileType = sourcecode.c.h; path = TFSurpriseViewController.h; sourceTree = "<group>"; };
		F90C350B1DAEA3CD0014DA94 /* TFSurpriseViewController.m */ = {isa = PBXFileReference; fileEncoding = 4; lastKnownFileType = sourcecode.c.objc; path = TFSurpriseViewController.m; sourceTree = "<group>"; };
		F9621FD51DAE542300F7B5F9 /* DonkeyMall.app */ = {isa = PBXFileReference; explicitFileType = wrapper.application; includeInIndex = 0; path = DonkeyMall.app; sourceTree = BUILT_PRODUCTS_DIR; };
		F9621FE21DAE542300F7B5F9 /* Base */ = {isa = PBXFileReference; lastKnownFileType = file.storyboard; name = Base; path = Base.lproj/Main.storyboard; sourceTree = "<group>"; };
		F9621FE41DAE542300F7B5F9 /* Assets.xcassets */ = {isa = PBXFileReference; lastKnownFileType = folder.assetcatalog; path = Assets.xcassets; sourceTree = "<group>"; };
		F9621FE71DAE542300F7B5F9 /* Base */ = {isa = PBXFileReference; lastKnownFileType = file.storyboard; name = Base; path = Base.lproj/LaunchScreen.storyboard; sourceTree = "<group>"; };
		F9621FE91DAE542300F7B5F9 /* Info.plist */ = {isa = PBXFileReference; lastKnownFileType = text.plist.xml; path = Info.plist; sourceTree = "<group>"; };
		F9621FEE1DAE542300F7B5F9 /* DonkeyMallTests.xctest */ = {isa = PBXFileReference; explicitFileType = wrapper.cfbundle; includeInIndex = 0; path = DonkeyMallTests.xctest; sourceTree = BUILT_PRODUCTS_DIR; };
		F9621FF21DAE542300F7B5F9 /* DonkeyMallTests.m */ = {isa = PBXFileReference; lastKnownFileType = sourcecode.c.objc; path = DonkeyMallTests.m; sourceTree = "<group>"; };
		F9621FF41DAE542300F7B5F9 /* Info.plist */ = {isa = PBXFileReference; lastKnownFileType = text.plist.xml; path = Info.plist; sourceTree = "<group>"; };
		F9621FF91DAE542300F7B5F9 /* DonkeyMallUITests.xctest */ = {isa = PBXFileReference; explicitFileType = wrapper.cfbundle; includeInIndex = 0; path = DonkeyMallUITests.xctest; sourceTree = BUILT_PRODUCTS_DIR; };
		F9621FFD1DAE542300F7B5F9 /* DonkeyMallUITests.m */ = {isa = PBXFileReference; lastKnownFileType = sourcecode.c.objc; path = DonkeyMallUITests.m; sourceTree = "<group>"; };
		F9621FFF1DAE542300F7B5F9 /* Info.plist */ = {isa = PBXFileReference; lastKnownFileType = text.plist.xml; path = Info.plist; sourceTree = "<group>"; };
/* End PBXFileReference section */

/* Begin PBXFrameworksBuildPhase section */
		F9621FD21DAE542300F7B5F9 /* Frameworks */ = {
			isa = PBXFrameworksBuildPhase;
			buildActionMask = 2147483647;
			files = (
			);
			runOnlyForDeploymentPostprocessing = 0;
		};
		F9621FEB1DAE542300F7B5F9 /* Frameworks */ = {
			isa = PBXFrameworksBuildPhase;
			buildActionMask = 2147483647;
			files = (
			);
			runOnlyForDeploymentPostprocessing = 0;
		};
		F9621FF61DAE542300F7B5F9 /* Frameworks */ = {
			isa = PBXFrameworksBuildPhase;
			buildActionMask = 2147483647;
			files = (
			);
			runOnlyForDeploymentPostprocessing = 0;
		};
/* End PBXFrameworksBuildPhase section */

/* Begin PBXGroup section */
		F90C34E21DAEA3CD0014DA94 /* Classes */ = {
			isa = PBXGroup;
			children = (
				F90C34E31DAEA3CD0014DA94 /* HomePage */,
				F90C34E91DAEA3CD0014DA94 /* Other */,
				F90C34FC1DAEA3CD0014DA94 /* PersonalCenter */,
				F90C35021DAEA3CD0014DA94 /* ShoppingCart */,
				F90C35081DAEA3CD0014DA94 /* Surprise */,
			);
			path = Classes;
			sourceTree = "<group>";
		};
		F90C34E31DAEA3CD0014DA94 /* HomePage */ = {
			isa = PBXGroup;
			children = (
				F90C34E41DAEA3CD0014DA94 /* Controller */,
				F90C34E51DAEA3CD0014DA94 /* Model */,
				F90C34E81DAEA3CD0014DA94 /* View */,
			);
			path = HomePage;
			sourceTree = "<group>";
		};
		F90C34E41DAEA3CD0014DA94 /* Controller */ = {
			isa = PBXGroup;
			children = (
				F90C34E61DAEA3CD0014DA94 /* TFHomePageViewController.h */,
				F90C34E71DAEA3CD0014DA94 /* TFHomePageViewController.m */,
			);
			path = Controller;
			sourceTree = "<group>";
		};
		F90C34E51DAEA3CD0014DA94 /* Model */ = {
			isa = PBXGroup;
			children = (
			);
			path = Model;
			sourceTree = "<group>";
		};
		F90C34E81DAEA3CD0014DA94 /* View */ = {
			isa = PBXGroup;
			children = (
			);
			path = View;
			sourceTree = "<group>";
		};
		F90C34E91DAEA3CD0014DA94 /* Other */ = {
			isa = PBXGroup;
			children = (
				F90C34EC1DAEA3CD0014DA94 /* Categories */,
				F90C34F11DAEA3CD0014DA94 /* Controller */,
				F90C34F71DAEA3CD0014DA94 /* Model */,
				F90C34F91DAEA3CD0014DA94 /* View */,
				F90C34EA1DAEA3CD0014DA94 /* AppDelegate.h */,
				F90C34EB1DAEA3CD0014DA94 /* AppDelegate.m */,
				F90C34F61DAEA3CD0014DA94 /* main.m */,
				F90C34F81DAEA3CD0014DA94 /* PrefixHeader.pch */,
			);
			path = Other;
			sourceTree = "<group>";
		};
		F90C34EC1DAEA3CD0014DA94 /* Categories */ = {
			isa = PBXGroup;
			children = (
				F90C34ED1DAEA3CD0014DA94 /* UIBarButtonItem+TFExtension.h */,
				F90C34EE1DAEA3CD0014DA94 /* UIBarButtonItem+TFExtension.m */,
				F90C34EF1DAEA3CD0014DA94 /* UIView+TFExtension.h */,
				F90C34F01DAEA3CD0014DA94 /* UIView+TFExtension.m */,
			);
			path = Categories;
			sourceTree = "<group>";
		};
		F90C34F11DAEA3CD0014DA94 /* Controller */ = {
			isa = PBXGroup;
			children = (
				F90C34F21DAEA3CD0014DA94 /* TFNavigationController.h */,
				F90C34F31DAEA3CD0014DA94 /* TFNavigationController.m */,
				F90C34F41DAEA3CD0014DA94 /* TFTabBarController.h */,
				F90C34F51DAEA3CD0014DA94 /* TFTabBarController.m */,
			);
			path = Controller;
			sourceTree = "<group>";
		};
		F90C34F71DAEA3CD0014DA94 /* Model */ = {
			isa = PBXGroup;
			children = (
			);
			path = Model;
			sourceTree = "<group>";
		};
		F90C34F91DAEA3CD0014DA94 /* View */ = {
			isa = PBXGroup;
			children = (
				F90C34FA1DAEA3CD0014DA94 /* TFVerticalButton.h */,
				F90C34FB1DAEA3CD0014DA94 /* TFVerticalButton.m */,
			);
			path = View;
			sourceTree = "<group>";
		};
		F90C34FC1DAEA3CD0014DA94 /* PersonalCenter */ = {
			isa = PBXGroup;
			children = (
				F90C34FD1DAEA3CD0014DA94 /* Controller */,
				F90C35001DAEA3CD0014DA94 /* Model */,
				F90C35011DAEA3CD0014DA94 /* View */,
			);
			path = PersonalCenter;
			sourceTree = "<group>";
		};
		F90C34FD1DAEA3CD0014DA94 /* Controller */ = {
			isa = PBXGroup;
			children = (
				F90C34FE1DAEA3CD0014DA94 /* TFPersonalCenterViewController.h */,
				F90C34FF1DAEA3CD0014DA94 /* TFPersonalCenterViewController.m */,
			);
			path = Controller;
			sourceTree = "<group>";
		};
		F90C35001DAEA3CD0014DA94 /* Model */ = {
			isa = PBXGroup;
			children = (
			);
			path = Model;
			sourceTree = "<group>";
		};
		F90C35011DAEA3CD0014DA94 /* View */ = {
			isa = PBXGroup;
			children = (
			);
			path = View;
			sourceTree = "<group>";
		};
		F90C35021DAEA3CD0014DA94 /* ShoppingCart */ = {
			isa = PBXGroup;
			children = (
				F90C35031DAEA3CD0014DA94 /* Controller */,
				F90C35061DAEA3CD0014DA94 /* Model */,
				F90C35071DAEA3CD0014DA94 /* View */,
			);
			path = ShoppingCart;
			sourceTree = "<group>";
		};
		F90C35031DAEA3CD0014DA94 /* Controller */ = {
			isa = PBXGroup;
			children = (
				F90C35041DAEA3CD0014DA94 /* TFShoppingCartViewController.h */,
				F90C35051DAEA3CD0014DA94 /* TFShoppingCartViewController.m */,
			);
			path = Controller;
			sourceTree = "<group>";
		};
		F90C35061DAEA3CD0014DA94 /* Model */ = {
			isa = PBXGroup;
			children = (
			);
			path = Model;
			sourceTree = "<group>";
		};
		F90C35071DAEA3CD0014DA94 /* View */ = {
			isa = PBXGroup;
			children = (
			);
			path = View;
			sourceTree = "<group>";
		};
		F90C35081DAEA3CD0014DA94 /* Surprise */ = {
			isa = PBXGroup;
			children = (
				F90C35091DAEA3CD0014DA94 /* Controller */,
				F90C350C1DAEA3CD0014DA94 /* Model */,
				F90C350D1DAEA3CD0014DA94 /* View */,
			);
			path = Surprise;
			sourceTree = "<group>";
		};
		F90C35091DAEA3CD0014DA94 /* Controller */ = {
			isa = PBXGroup;
			children = (
				F90C350A1DAEA3CD0014DA94 /* TFSurpriseViewController.h */,
				F90C350B1DAEA3CD0014DA94 /* TFSurpriseViewController.m */,
			);
			path = Controller;
			sourceTree = "<group>";
		};
		F90C350C1DAEA3CD0014DA94 /* Model */ = {
			isa = PBXGroup;
			children = (
			);
			path = Model;
			sourceTree = "<group>";
		};
		F90C350D1DAEA3CD0014DA94 /* View */ = {
			isa = PBXGroup;
			children = (
			);
			path = View;
			sourceTree = "<group>";
		};
		F9621FCC1DAE542300F7B5F9 = {
			isa = PBXGroup;
			children = (
				F9621FD71DAE542300F7B5F9 /* DonkeyMall */,
				F9621FF11DAE542300F7B5F9 /* DonkeyMallTests */,
				F9621FFC1DAE542300F7B5F9 /* DonkeyMallUITests */,
				F9621FD61DAE542300F7B5F9 /* Products */,
			);
			sourceTree = "<group>";
		};
		F9621FD61DAE542300F7B5F9 /* Products */ = {
			isa = PBXGroup;
			children = (
				F9621FD51DAE542300F7B5F9 /* DonkeyMall.app */,
				F9621FEE1DAE542300F7B5F9 /* DonkeyMallTests.xctest */,
				F9621FF91DAE542300F7B5F9 /* DonkeyMallUITests.xctest */,
			);
			name = Products;
			sourceTree = "<group>";
		};
		F9621FD71DAE542300F7B5F9 /* DonkeyMall */ = {
			isa = PBXGroup;
			children = (
				F90C34E21DAEA3CD0014DA94 /* Classes */,
				F9621FE41DAE542300F7B5F9 /* Assets.xcassets */,
				F9621FD81DAE542300F7B5F9 /* Supporting Files */,
			);
			path = DonkeyMall;
			sourceTree = "<group>";
		};
		F9621FD81DAE542300F7B5F9 /* Supporting Files */ = {
			isa = PBXGroup;
			children = (
				F9621FE61DAE542300F7B5F9 /* LaunchScreen.storyboard */,
				F9621FE11DAE542300F7B5F9 /* Main.storyboard */,
				F9621FE91DAE542300F7B5F9 /* Info.plist */,
			);
			name = "Supporting Files";
			sourceTree = "<group>";
		};
		F9621FF11DAE542300F7B5F9 /* DonkeyMallTests */ = {
			isa = PBXGroup;
			children = (
				F9621FF21DAE542300F7B5F9 /* DonkeyMallTests.m */,
				F9621FF41DAE542300F7B5F9 /* Info.plist */,
			);
			path = DonkeyMallTests;
			sourceTree = "<group>";
		};
		F9621FFC1DAE542300F7B5F9 /* DonkeyMallUITests */ = {
			isa = PBXGroup;
			children = (
				F9621FFD1DAE542300F7B5F9 /* DonkeyMallUITests.m */,
				F9621FFF1DAE542300F7B5F9 /* Info.plist */,
			);
			path = DonkeyMallUITests;
			sourceTree = "<group>";
		};
/* End PBXGroup section */

/* Begin PBXNativeTarget section */
		F9621FD41DAE542300F7B5F9 /* DonkeyMall */ = {
			isa = PBXNativeTarget;
			buildConfigurationList = F96220021DAE542300F7B5F9 /* Build configuration list for PBXNativeTarget "DonkeyMall" */;
			buildPhases = (
				563A509CEA5CB064D1724078 /* 📦 Check Pods Manifest.lock */,
				F9621FD11DAE542300F7B5F9 /* Sources */,
				F9621FD21DAE542300F7B5F9 /* Frameworks */,
				F9621FD31DAE542300F7B5F9 /* Resources */,
				013728A2AEF7FC1075BBCEBE /* 📦 Embed Pods Frameworks */,
				4374BD10B717AC4B6F540333 /* 📦 Copy Pods Resources */,
			);
			buildRules = (
			);
			dependencies = (
			);
			name = DonkeyMall;
			productName = DonkeyMall;
			productReference = F9621FD51DAE542300F7B5F9 /* DonkeyMall.app */;
			productType = "com.apple.product-type.application";
		};
		F9621FED1DAE542300F7B5F9 /* DonkeyMallTests */ = {
			isa = PBXNativeTarget;
			buildConfigurationList = F96220051DAE542300F7B5F9 /* Build configuration list for PBXNativeTarget "DonkeyMallTests" */;
			buildPhases = (
				F9621FEA1DAE542300F7B5F9 /* Sources */,
				F9621FEB1DAE542300F7B5F9 /* Frameworks */,
				F9621FEC1DAE542300F7B5F9 /* Resources */,
			);
			buildRules = (
			);
			dependencies = (
				F9621FF01DAE542300F7B5F9 /* PBXTargetDependency */,
			);
			name = DonkeyMallTests;
			productName = DonkeyMallTests;
			productReference = F9621FEE1DAE542300F7B5F9 /* DonkeyMallTests.xctest */;
			productType = "com.apple.product-type.bundle.unit-test";
		};
		F9621FF81DAE542300F7B5F9 /* DonkeyMallUITests */ = {
			isa = PBXNativeTarget;
			buildConfigurationList = F96220081DAE542300F7B5F9 /* Build configuration list for PBXNativeTarget "DonkeyMallUITests" */;
			buildPhases = (
				F9621FF51DAE542300F7B5F9 /* Sources */,
				F9621FF61DAE542300F7B5F9 /* Frameworks */,
				F9621FF71DAE542300F7B5F9 /* Resources */,
			);
			buildRules = (
			);
			dependencies = (
				F9621FFB1DAE542300F7B5F9 /* PBXTargetDependency */,
			);
			name = DonkeyMallUITests;
			productName = DonkeyMallUITests;
			productReference = F9621FF91DAE542300F7B5F9 /* DonkeyMallUITests.xctest */;
			productType = "com.apple.product-type.bundle.ui-testing";
		};
/* End PBXNativeTarget section */

/* Begin PBXProject section */
		F9621FCD1DAE542300F7B5F9 /* Project object */ = {
			isa = PBXProject;
			attributes = {
				LastUpgradeCheck = 0730;
				ORGANIZATIONNAME = TaoFei;
				TargetAttributes = {
					F9621FD41DAE542300F7B5F9 = {
						CreatedOnToolsVersion = 7.3.1;
					};
					F9621FED1DAE542300F7B5F9 = {
						CreatedOnToolsVersion = 7.3.1;
						TestTargetID = F9621FD41DAE542300F7B5F9;
					};
					F9621FF81DAE542300F7B5F9 = {
						CreatedOnToolsVersion = 7.3.1;
						TestTargetID = F9621FD41DAE542300F7B5F9;
					};
				};
			};
			buildConfigurationList = F9621FD01DAE542300F7B5F9 /* Build configuration list for PBXProject "DonkeyMall" */;
			compatibilityVersion = "Xcode 3.2";
			developmentRegion = English;
			hasScannedForEncodings = 0;
			knownRegions = (
				en,
				Base,
			);
			mainGroup = F9621FCC1DAE542300F7B5F9;
			productRefGroup = F9621FD61DAE542300F7B5F9 /* Products */;
			projectDirPath = "";
			projectRoot = "";
			targets = (
				F9621FD41DAE542300F7B5F9 /* DonkeyMall */,
				F9621FED1DAE542300F7B5F9 /* DonkeyMallTests */,
				F9621FF81DAE542300F7B5F9 /* DonkeyMallUITests */,
			);
		};
/* End PBXProject section */

/* Begin PBXResourcesBuildPhase section */
		F9621FD31DAE542300F7B5F9 /* Resources */ = {
			isa = PBXResourcesBuildPhase;
			buildActionMask = 2147483647;
			files = (
				F9621FE81DAE542300F7B5F9 /* LaunchScreen.storyboard in Resources */,
				F9621FE51DAE542300F7B5F9 /* Assets.xcassets in Resources */,
				F9621FE31DAE542300F7B5F9 /* Main.storyboard in Resources */,
			);
			runOnlyForDeploymentPostprocessing = 0;
		};
		F9621FEC1DAE542300F7B5F9 /* Resources */ = {
			isa = PBXResourcesBuildPhase;
			buildActionMask = 2147483647;
			files = (
			);
			runOnlyForDeploymentPostprocessing = 0;
		};
		F9621FF71DAE542300F7B5F9 /* Resources */ = {
			isa = PBXResourcesBuildPhase;
			buildActionMask = 2147483647;
			files = (
			);
			runOnlyForDeploymentPostprocessing = 0;
		};
/* End PBXResourcesBuildPhase section */

/* Begin PBXShellScriptBuildPhase section */
		013728A2AEF7FC1075BBCEBE /* 📦 Embed Pods Frameworks */ = {
			isa = PBXShellScriptBuildPhase;
			buildActionMask = 2147483647;
			files = (
			);
			inputPaths = (
			);
			name = "📦 Embed Pods Frameworks";
			outputPaths = (
			);
			runOnlyForDeploymentPostprocessing = 0;
			shellPath = /bin/sh;
			shellScript = "\"${SRCROOT}/Pods/Target Support Files/Pods-DonkeyMall/Pods-DonkeyMall-frameworks.sh\"\n";
			showEnvVarsInLog = 0;
		};
		4374BD10B717AC4B6F540333 /* 📦 Copy Pods Resources */ = {
			isa = PBXShellScriptBuildPhase;
			buildActionMask = 2147483647;
			files = (
			);
			inputPaths = (
			);
			name = "📦 Copy Pods Resources";
			outputPaths = (
			);
			runOnlyForDeploymentPostprocessing = 0;
			shellPath = /bin/sh;
			shellScript = "\"${SRCROOT}/Pods/Target Support Files/Pods-DonkeyMall/Pods-DonkeyMall-resources.sh\"\n";
			showEnvVarsInLog = 0;
		};
		563A509CEA5CB064D1724078 /* 📦 Check Pods Manifest.lock */ = {
			isa = PBXShellScriptBuildPhase;
			buildActionMask = 2147483647;
			files = (
			);
			inputPaths = (
			);
			name = "📦 Check Pods Manifest.lock";
			outputPaths = (
			);
			runOnlyForDeploymentPostprocessing = 0;
			shellPath = /bin/sh;
			shellScript = "diff \"${PODS_ROOT}/../Podfile.lock\" \"${PODS_ROOT}/Manifest.lock\" > /dev/null\nif [[ $? != 0 ]] ; then\n    cat << EOM\nerror: The sandbox is not in sync with the Podfile.lock. Run 'pod install' or update your CocoaPods installation.\nEOM\n    exit 1\nfi\n";
			showEnvVarsInLog = 0;
		};
/* End PBXShellScriptBuildPhase section */

/* Begin PBXSourcesBuildPhase section */
		F9621FD11DAE542300F7B5F9 /* Sources */ = {
			isa = PBXSourcesBuildPhase;
			buildActionMask = 2147483647;
			files = (
				F90C35141DAEA3CD0014DA94 /* main.m in Sources */,
				F90C350E1DAEA3CD0014DA94 /* TFHomePageViewController.m in Sources */,
				F90C35121DAEA3CD0014DA94 /* TFNavigationController.m in Sources */,
				F90C35111DAEA3CD0014DA94 /* UIView+TFExtension.m in Sources */,
				F90C35151DAEA3CD0014DA94 /* TFVerticalButton.m in Sources */,
				F90C35131DAEA3CD0014DA94 /* TFTabBarController.m in Sources */,
				F90C35101DAEA3CD0014DA94 /* UIBarButtonItem+TFExtension.m in Sources */,
				F90C35171DAEA3CD0014DA94 /* TFShoppingCartViewController.m in Sources */,
				F90C35181DAEA3CD0014DA94 /* TFSurpriseViewController.m in Sources */,
				F90C35161DAEA3CD0014DA94 /* TFPersonalCenterViewController.m in Sources */,
				F90C350F1DAEA3CD0014DA94 /* AppDelegate.m in Sources */,
			);
			runOnlyForDeploymentPostprocessing = 0;
		};
		F9621FEA1DAE542300F7B5F9 /* Sources */ = {
			isa = PBXSourcesBuildPhase;
			buildActionMask = 2147483647;
			files = (
				F9621FF31DAE542300F7B5F9 /* DonkeyMallTests.m in Sources */,
			);
			runOnlyForDeploymentPostprocessing = 0;
		};
		F9621FF51DAE542300F7B5F9 /* Sources */ = {
			isa = PBXSourcesBuildPhase;
			buildActionMask = 2147483647;
			files = (
				F9621FFE1DAE542300F7B5F9 /* DonkeyMallUITests.m in Sources */,
			);
			runOnlyForDeploymentPostprocessing = 0;
		};
/* End PBXSourcesBuildPhase section */

/* Begin PBXTargetDependency section */
		F9621FF01DAE542300F7B5F9 /* PBXTargetDependency */ = {
			isa = PBXTargetDependency;
			target = F9621FD41DAE542300F7B5F9 /* DonkeyMall */;
			targetProxy = F9621FEF1DAE542300F7B5F9 /* PBXContainerItemProxy */;
		};
		F9621FFB1DAE542300F7B5F9 /* PBXTargetDependency */ = {
			isa = PBXTargetDependency;
			target = F9621FD41DAE542300F7B5F9 /* DonkeyMall */;
			targetProxy = F9621FFA1DAE542300F7B5F9 /* PBXContainerItemProxy */;
		};
/* End PBXTargetDependency section */

/* Begin PBXVariantGroup section */
		F9621FE11DAE542300F7B5F9 /* Main.storyboard */ = {
			isa = PBXVariantGroup;
			children = (
				F9621FE21DAE542300F7B5F9 /* Base */,
			);
			name = Main.storyboard;
			sourceTree = "<group>";
		};
		F9621FE61DAE542300F7B5F9 /* LaunchScreen.storyboard */ = {
			isa = PBXVariantGroup;
			children = (
				F9621FE71DAE542300F7B5F9 /* Base */,
			);
			name = LaunchScreen.storyboard;
			sourceTree = "<group>";
		};
/* End PBXVariantGroup section */

/* Begin XCBuildConfiguration section */
		F96220001DAE542300F7B5F9 /* Debug */ = {
			isa = XCBuildConfiguration;
			buildSettings = {
				ALWAYS_SEARCH_USER_PATHS = NO;
				CLANG_ANALYZER_NONNULL = YES;
				CLANG_CXX_LANGUAGE_STANDARD = "gnu++0x";
				CLANG_CXX_LIBRARY = "libc++";
				CLANG_ENABLE_MODULES = YES;
				CLANG_ENABLE_OBJC_ARC = YES;
				CLANG_WARN_BOOL_CONVERSION = YES;
				CLANG_WARN_CONSTANT_CONVERSION = YES;
				CLANG_WARN_DIRECT_OBJC_ISA_USAGE = YES_ERROR;
				CLANG_WARN_EMPTY_BODY = YES;
				CLANG_WARN_ENUM_CONVERSION = YES;
				CLANG_WARN_INT_CONVERSION = YES;
				CLANG_WARN_OBJC_ROOT_CLASS = YES_ERROR;
				CLANG_WARN_UNREACHABLE_CODE = YES;
				CLANG_WARN__DUPLICATE_METHOD_MATCH = YES;
				"CODE_SIGN_IDENTITY[sdk=iphoneos*]" = "iPhone Developer";
				COPY_PHASE_STRIP = NO;
				DEBUG_INFORMATION_FORMAT = dwarf;
				ENABLE_STRICT_OBJC_MSGSEND = YES;
				ENABLE_TESTABILITY = YES;
				GCC_C_LANGUAGE_STANDARD = gnu99;
				GCC_DYNAMIC_NO_PIC = NO;
				GCC_NO_COMMON_BLOCKS = YES;
				GCC_OPTIMIZATION_LEVEL = 0;
				GCC_PREPROCESSOR_DEFINITIONS = (
					"DEBUG=1",
					"$(inherited)",
				);
				GCC_WARN_64_TO_32_BIT_CONVERSION = YES;
				GCC_WARN_ABOUT_RETURN_TYPE = YES_ERROR;
				GCC_WARN_UNDECLARED_SELECTOR = YES;
				GCC_WARN_UNINITIALIZED_AUTOS = YES_AGGRESSIVE;
				GCC_WARN_UNUSED_FUNCTION = YES;
				GCC_WARN_UNUSED_VARIABLE = YES;
				IPHONEOS_DEPLOYMENT_TARGET = 9.3;
				MTL_ENABLE_DEBUG_INFO = YES;
				ONLY_ACTIVE_ARCH = YES;
				SDKROOT = iphoneos;
				TARGETED_DEVICE_FAMILY = "1,2";
			};
			name = Debug;
		};
		F96220011DAE542300F7B5F9 /* Release */ = {
			isa = XCBuildConfiguration;
			buildSettings = {
				ALWAYS_SEARCH_USER_PATHS = NO;
				CLANG_ANALYZER_NONNULL = YES;
				CLANG_CXX_LANGUAGE_STANDARD = "gnu++0x";
				CLANG_CXX_LIBRARY = "libc++";
				CLANG_ENABLE_MODULES = YES;
				CLANG_ENABLE_OBJC_ARC = YES;
				CLANG_WARN_BOOL_CONVERSION = YES;
				CLANG_WARN_CONSTANT_CONVERSION = YES;
				CLANG_WARN_DIRECT_OBJC_ISA_USAGE = YES_ERROR;
				CLANG_WARN_EMPTY_BODY = YES;
				CLANG_WARN_ENUM_CONVERSION = YES;
				CLANG_WARN_INT_CONVERSION = YES;
				CLANG_WARN_OBJC_ROOT_CLASS = YES_ERROR;
				CLANG_WARN_UNREACHABLE_CODE = YES;
				CLANG_WARN__DUPLICATE_METHOD_MATCH = YES;
				"CODE_SIGN_IDENTITY[sdk=iphoneos*]" = "iPhone Developer";
				COPY_PHASE_STRIP = NO;
				DEBUG_INFORMATION_FORMAT = "dwarf-with-dsym";
				ENABLE_NS_ASSERTIONS = NO;
				ENABLE_STRICT_OBJC_MSGSEND = YES;
				GCC_C_LANGUAGE_STANDARD = gnu99;
				GCC_NO_COMMON_BLOCKS = YES;
				GCC_WARN_64_TO_32_BIT_CONVERSION = YES;
				GCC_WARN_ABOUT_RETURN_TYPE = YES_ERROR;
				GCC_WARN_UNDECLARED_SELECTOR = YES;
				GCC_WARN_UNINITIALIZED_AUTOS = YES_AGGRESSIVE;
				GCC_WARN_UNUSED_FUNCTION = YES;
				GCC_WARN_UNUSED_VARIABLE = YES;
				IPHONEOS_DEPLOYMENT_TARGET = 9.3;
				MTL_ENABLE_DEBUG_INFO = NO;
				SDKROOT = iphoneos;
				TARGETED_DEVICE_FAMILY = "1,2";
				VALIDATE_PRODUCT = YES;
			};
			name = Release;
		};
		F96220031DAE542300F7B5F9 /* Debug */ = {
			isa = XCBuildConfiguration;
			buildSettings = {
				ASSETCATALOG_COMPILER_APPICON_NAME = AppIcon;
				GCC_PREFIX_HEADER = DonkeyMall/Classes/Other/PrefixHeader.pch;
				INFOPLIST_FILE = DonkeyMall/Info.plist;
				LD_RUNPATH_SEARCH_PATHS = "$(inherited) @executable_path/Frameworks";
				PRODUCT_BUNDLE_IDENTIFIER = me.taofei.DonkeyMall;
				PRODUCT_NAME = "$(TARGET_NAME)";
			};
			name = Debug;
		};
		F96220041DAE542300F7B5F9 /* Release */ = {
			isa = XCBuildConfiguration;
			buildSettings = {
				ASSETCATALOG_COMPILER_APPICON_NAME = AppIcon;
				GCC_PREFIX_HEADER = DonkeyMall/Classes/Other/PrefixHeader.pch;
				INFOPLIST_FILE = DonkeyMall/Info.plist;
				LD_RUNPATH_SEARCH_PATHS = "$(inherited) @executable_path/Frameworks";
				PRODUCT_BUNDLE_IDENTIFIER = me.taofei.DonkeyMall;
				PRODUCT_NAME = "$(TARGET_NAME)";
			};
			name = Release;
		};
		F96220061DAE542300F7B5F9 /* Debug */ = {
			isa = XCBuildConfiguration;
			buildSettings = {
				BUNDLE_LOADER = "$(TEST_HOST)";
				INFOPLIST_FILE = DonkeyMallTests/Info.plist;
				LD_RUNPATH_SEARCH_PATHS = "$(inherited) @executable_path/Frameworks @loader_path/Frameworks";
				PRODUCT_BUNDLE_IDENTIFIER = me.taofei.DonkeyMallTests;
				PRODUCT_NAME = "$(TARGET_NAME)";
				TEST_HOST = "$(BUILT_PRODUCTS_DIR)/DonkeyMall.app/DonkeyMall";
			};
			name = Debug;
		};
		F96220071DAE542300F7B5F9 /* Release */ = {
			isa = XCBuildConfiguration;
			buildSettings = {
				BUNDLE_LOADER = "$(TEST_HOST)";
				INFOPLIST_FILE = DonkeyMallTests/Info.plist;
				LD_RUNPATH_SEARCH_PATHS = "$(inherited) @executable_path/Frameworks @loader_path/Frameworks";
				PRODUCT_BUNDLE_IDENTIFIER = me.taofei.DonkeyMallTests;
				PRODUCT_NAME = "$(TARGET_NAME)";
				TEST_HOST = "$(BUILT_PRODUCTS_DIR)/DonkeyMall.app/DonkeyMall";
			};
			name = Release;
		};
		F96220091DAE542300F7B5F9 /* Debug */ = {
			isa = XCBuildConfiguration;
			buildSettings = {
				INFOPLIST_FILE = DonkeyMallUITests/Info.plist;
				LD_RUNPATH_SEARCH_PATHS = "$(inherited) @executable_path/Frameworks @loader_path/Frameworks";
				PRODUCT_BUNDLE_IDENTIFIER = me.taofei.DonkeyMallUITests;
				PRODUCT_NAME = "$(TARGET_NAME)";
				TEST_TARGET_NAME = DonkeyMall;
			};
			name = Debug;
		};
		F962200A1DAE542300F7B5F9 /* Release */ = {
			isa = XCBuildConfiguration;
			buildSettings = {
				INFOPLIST_FILE = DonkeyMallUITests/Info.plist;
				LD_RUNPATH_SEARCH_PATHS = "$(inherited) @executable_path/Frameworks @loader_path/Frameworks";
				PRODUCT_BUNDLE_IDENTIFIER = me.taofei.DonkeyMallUITests;
				PRODUCT_NAME = "$(TARGET_NAME)";
				TEST_TARGET_NAME = DonkeyMall;
			};
			name = Release;
		};
/* End XCBuildConfiguration section */

/* Begin XCConfigurationList section */
		F9621FD01DAE542300F7B5F9 /* Build configuration list for PBXProject "DonkeyMall" */ = {
			isa = XCConfigurationList;
			buildConfigurations = (
				F96220001DAE542300F7B5F9 /* Debug */,
				F96220011DAE542300F7B5F9 /* Release */,
			);
			defaultConfigurationIsVisible = 0;
			defaultConfigurationName = Release;
		};
		F96220021DAE542300F7B5F9 /* Build configuration list for PBXNativeTarget "DonkeyMall" */ = {
			isa = XCConfigurationList;
			buildConfigurations = (
				F96220031DAE542300F7B5F9 /* Debug */,
				F96220041DAE542300F7B5F9 /* Release */,
			);
			defaultConfigurationIsVisible = 0;
			defaultConfigurationName = Release;
		};
		F96220051DAE542300F7B5F9 /* Build configuration list for PBXNativeTarget "DonkeyMallTests" */ = {
			isa = XCConfigurationList;
			buildConfigurations = (
				F96220061DAE542300F7B5F9 /* Debug */,
				F96220071DAE542300F7B5F9 /* Release */,
			);
			defaultConfigurationIsVisible = 0;
			defaultConfigurationName = Release;
		};
		F96220081DAE542300F7B5F9 /* Build configuration list for PBXNativeTarget "DonkeyMallUITests" */ = {
			isa = XCConfigurationList;
			buildConfigurations = (
				F96220091DAE542300F7B5F9 /* Debug */,
				F962200A1DAE542300F7B5F9 /* Release */,
			);
			defaultConfigurationIsVisible = 0;
			defaultConfigurationName = Release;
		};
/* End XCConfigurationList section */
	};
	rootObject = F9621FCD1DAE542300F7B5F9 /* Project object */;
}
